
Microsoft Visual Studio Solution File, Format Version 12.00
# Visual Studio 15
VisualStudioVersion = 15.0.28307.329
MinimumVisualStudioVersion = 10.0.40219.1
Project("{FAE04EC0-301F-11D3-BF4B-00C04F79EFBC}") = "PrintMultiplicationTable", "PrintMultiplicationTable\PrintMultiplicationTable.csproj", "{72396FB4-3FAC-42C6-92F6-08AC2A6EACD5}"
EndProject
Global
	GlobalSection(SolutionConfigurationPlatforms) = preSolution
		Debug|Any CPU = Debug|Any CPU
		Release|Any CPU = Release|Any CPU
	EndGlobalSection
	GlobalSection(ProjectConfigurationPlatforms) = postSolution
		{72396FB4-3FAC-42C6-92F6-08AC2A6EACD5}.Debug|Any CPU.ActiveCfg = Debug|Any CPU
		{72396FB4-3FAC-42C6-92F6-08AC2A6EACD5}.Debug|Any CPU.Build.0 = Debug|Any CPU
		{72396FB4-3FAC-42C6-92F6-08AC2A6EACD5}.Release|Any CPU.ActiveCfg = Release|Any CPU
		{72396FB4-3FAC-42C6-92F6-08AC2A6EACD5}.Release|Any CPU.Build.0 = Release|Any CPU
	EndGlobalSection
	GlobalSection(SolutionProperties) = preSolution
		HideSolutionNode = FALSE
	EndGlobalSection
	GlobalSection(ExtensibilityGlobals) = postSolution
		SolutionGuid = {F61F18DE-14B7-4B6B-9A0D-E5F6742A08F3}
	EndGlobalSection
EndGlobal
