
Microsoft Visual Studio Solution File, Format Version 12.00
# Visual Studio 15
VisualStudioVersion = 15.0.28307.329
MinimumVisualStudioVersion = 10.0.40219.1
Project("{FAE04EC0-301F-11D3-BF4B-00C04F79EFBC}") = "UserDefinedConversionDemo", "UserDefinedConversionDemo\UserDefinedConversionDemo.csproj", "{6C0F7EA6-3E13-4A4B-B0A8-2D2D3BDAEFD6}"
EndProject
Global
	GlobalSection(SolutionConfigurationPlatforms) = preSolution
		Debug|Any CPU = Debug|Any CPU
		Release|Any CPU = Release|Any CPU
	EndGlobalSection
	GlobalSection(ProjectConfigurationPlatforms) = postSolution
		{6C0F7EA6-3E13-4A4B-B0A8-2D2D3BDAEFD6}.Debug|Any CPU.ActiveCfg = Debug|Any CPU
		{6C0F7EA6-3E13-4A4B-B0A8-2D2D3BDAEFD6}.Debug|Any CPU.Build.0 = Debug|Any CPU
		{6C0F7EA6-3E13-4A4B-B0A8-2D2D3BDAEFD6}.Release|Any CPU.ActiveCfg = Release|Any CPU
		{6C0F7EA6-3E13-4A4B-B0A8-2D2D3BDAEFD6}.Release|Any CPU.Build.0 = Release|Any CPU
	EndGlobalSection
	GlobalSection(SolutionProperties) = preSolution
		HideSolutionNode = FALSE
	EndGlobalSection
	GlobalSection(ExtensibilityGlobals) = postSolution
		SolutionGuid = {637AB0E8-6FFB-478F-BB17-A4DE54918042}
	EndGlobalSection
EndGlobal
