
Microsoft Visual Studio Solution File, Format Version 12.00
# Visual Studio 15
VisualStudioVersion = 15.0.28307.329
MinimumVisualStudioVersion = 10.0.40219.1
Project("{FAE04EC0-301F-11D3-BF4B-00C04F79EFBC}") = "BitcountAlgorithm", "BitcountAlgorithm\BitcountAlgorithm.csproj", "{589D3895-9AE6-4E01-8BCC-4A6498957E47}"
EndProject
Global
	GlobalSection(SolutionConfigurationPlatforms) = preSolution
		Debug|Any CPU = Debug|Any CPU
		Release|Any CPU = Release|Any CPU
	EndGlobalSection
	GlobalSection(ProjectConfigurationPlatforms) = postSolution
		{589D3895-9AE6-4E01-8BCC-4A6498957E47}.Debug|Any CPU.ActiveCfg = Debug|Any CPU
		{589D3895-9AE6-4E01-8BCC-4A6498957E47}.Debug|Any CPU.Build.0 = Debug|Any CPU
		{589D3895-9AE6-4E01-8BCC-4A6498957E47}.Release|Any CPU.ActiveCfg = Release|Any CPU
		{589D3895-9AE6-4E01-8BCC-4A6498957E47}.Release|Any CPU.Build.0 = Release|Any CPU
	EndGlobalSection
	GlobalSection(SolutionProperties) = preSolution
		HideSolutionNode = FALSE
	EndGlobalSection
	GlobalSection(ExtensibilityGlobals) = postSolution
		SolutionGuid = {DCD38B02-BE3D-483D-B6A5-C1E75F551DF1}
	EndGlobalSection
EndGlobal
