
Microsoft Visual Studio Solution File, Format Version 12.00
# Visual Studio 15
VisualStudioVersion = 15.0.28307.329
MinimumVisualStudioVersion = 10.0.40219.1
Project("{FAE04EC0-301F-11D3-BF4B-00C04F79EFBC}") = "SpaceBeforeUpperCaseLetter", "SpaceBeforeUpperCaseLetter\SpaceBeforeUpperCaseLetter.csproj", "{653FA460-4D1E-464E-BFD2-8CF2E372C781}"
EndProject
Global
	GlobalSection(SolutionConfigurationPlatforms) = preSolution
		Debug|Any CPU = Debug|Any CPU
		Release|Any CPU = Release|Any CPU
	EndGlobalSection
	GlobalSection(ProjectConfigurationPlatforms) = postSolution
		{653FA460-4D1E-464E-BFD2-8CF2E372C781}.Debug|Any CPU.ActiveCfg = Debug|Any CPU
		{653FA460-4D1E-464E-BFD2-8CF2E372C781}.Debug|Any CPU.Build.0 = Debug|Any CPU
		{653FA460-4D1E-464E-BFD2-8CF2E372C781}.Release|Any CPU.ActiveCfg = Release|Any CPU
		{653FA460-4D1E-464E-BFD2-8CF2E372C781}.Release|Any CPU.Build.0 = Release|Any CPU
	EndGlobalSection
	GlobalSection(SolutionProperties) = preSolution
		HideSolutionNode = FALSE
	EndGlobalSection
	GlobalSection(ExtensibilityGlobals) = postSolution
		SolutionGuid = {255487E9-36D9-47A9-93A4-829E514DD213}
	EndGlobalSection
EndGlobal
