
Microsoft Visual Studio Solution File, Format Version 12.00
# Visual Studio 15
VisualStudioVersion = 15.0.28307.329
MinimumVisualStudioVersion = 10.0.40219.1
Project("{FAE04EC0-301F-11D3-BF4B-00C04F79EFBC}") = "MaxOccurrenceAlgorithm", "MaxOccurrenceAlgorithm\MaxOccurrenceAlgorithm.csproj", "{00E96534-9E7D-40E6-A0ED-42A99516E4C9}"
EndProject
Global
	GlobalSection(SolutionConfigurationPlatforms) = preSolution
		Debug|Any CPU = Debug|Any CPU
		Release|Any CPU = Release|Any CPU
	EndGlobalSection
	GlobalSection(ProjectConfigurationPlatforms) = postSolution
		{00E96534-9E7D-40E6-A0ED-42A99516E4C9}.Debug|Any CPU.ActiveCfg = Debug|Any CPU
		{00E96534-9E7D-40E6-A0ED-42A99516E4C9}.Debug|Any CPU.Build.0 = Debug|Any CPU
		{00E96534-9E7D-40E6-A0ED-42A99516E4C9}.Release|Any CPU.ActiveCfg = Release|Any CPU
		{00E96534-9E7D-40E6-A0ED-42A99516E4C9}.Release|Any CPU.Build.0 = Release|Any CPU
	EndGlobalSection
	GlobalSection(SolutionProperties) = preSolution
		HideSolutionNode = FALSE
	EndGlobalSection
	GlobalSection(ExtensibilityGlobals) = postSolution
		SolutionGuid = {5E590332-76DB-4253-9E4F-02B6D3275175}
	EndGlobalSection
EndGlobal
