
Microsoft Visual Studio Solution File, Format Version 12.00
# Visual Studio 15
VisualStudioVersion = 15.0.28307.329
MinimumVisualStudioVersion = 10.0.40219.1
Project("{FAE04EC0-301F-11D3-BF4B-00C04F79EFBC}") = "BellmanFordAlgorithm", "BellmanFordAlgorithm\BellmanFordAlgorithm.csproj", "{0B45EF43-7DF1-48EC-B541-0357B3F6B8EF}"
EndProject
Global
	GlobalSection(SolutionConfigurationPlatforms) = preSolution
		Debug|Any CPU = Debug|Any CPU
		Release|Any CPU = Release|Any CPU
	EndGlobalSection
	GlobalSection(ProjectConfigurationPlatforms) = postSolution
		{0B45EF43-7DF1-48EC-B541-0357B3F6B8EF}.Debug|Any CPU.ActiveCfg = Debug|Any CPU
		{0B45EF43-7DF1-48EC-B541-0357B3F6B8EF}.Debug|Any CPU.Build.0 = Debug|Any CPU
		{0B45EF43-7DF1-48EC-B541-0357B3F6B8EF}.Release|Any CPU.ActiveCfg = Release|Any CPU
		{0B45EF43-7DF1-48EC-B541-0357B3F6B8EF}.Release|Any CPU.Build.0 = Release|Any CPU
	EndGlobalSection
	GlobalSection(SolutionProperties) = preSolution
		HideSolutionNode = FALSE
	EndGlobalSection
	GlobalSection(ExtensibilityGlobals) = postSolution
		SolutionGuid = {460E864E-49C4-40E0-93A1-AFDFFF0FEC91}
	EndGlobalSection
EndGlobal
